
Microsoft Visual Studio Solution File, Format Version 12.00
# Visual Studio Version 17
VisualStudioVersion = 17.5.33516.290
MinimumVisualStudioVersion = 10.0.40219.1
Project("{9A19103F-16F7-4668-BE54-9A1E7A4F7556}") = "rent-UnitTest", "rent-UnitTest.csproj", "{50F35512-14EA-4EC9-949C-345BCCB9A735}"
EndProject
Project("{9A19103F-16F7-4668-BE54-9A1E7A4F7556}") = "rent", "..\rent\rent.csproj", "{F2CF0486-2841-4DE2-ACA4-92A7CD5927A6}"
EndProject
Global
	GlobalSection(SolutionConfigurationPlatforms) = preSolution
		Debug|Any CPU = Debug|Any CPU
		Release|Any CPU = Release|Any CPU
	EndGlobalSection
	GlobalSection(ProjectConfigurationPlatforms) = postSolution
		{50F35512-14EA-4EC9-949C-345BCCB9A735}.Debug|Any CPU.ActiveCfg = Debug|Any CPU
		{50F35512-14EA-4EC9-949C-345BCCB9A735}.Debug|Any CPU.Build.0 = Debug|Any CPU
		{50F35512-14EA-4EC9-949C-345BCCB9A735}.Release|Any CPU.ActiveCfg = Release|Any CPU
		{50F35512-14EA-4EC9-949C-345BCCB9A735}.Release|Any CPU.Build.0 = Release|Any CPU
		{F2CF0486-2841-4DE2-ACA4-92A7CD5927A6}.Debug|Any CPU.ActiveCfg = Debug|Any CPU
		{F2CF0486-2841-4DE2-ACA4-92A7CD5927A6}.Debug|Any CPU.Build.0 = Debug|Any CPU
		{F2CF0486-2841-4DE2-ACA4-92A7CD5927A6}.Release|Any CPU.ActiveCfg = Release|Any CPU
		{F2CF0486-2841-4DE2-ACA4-92A7CD5927A6}.Release|Any CPU.Build.0 = Release|Any CPU
	EndGlobalSection
	GlobalSection(SolutionProperties) = preSolution
		HideSolutionNode = FALSE
	EndGlobalSection
	GlobalSection(ExtensibilityGlobals) = postSolution
		SolutionGuid = {3B45B259-20AF-41F7-8084-E4905A1925A3}
	EndGlobalSection
EndGlobal
